
Microsoft Visual Studio Solution File, Format Version 12.00
# Visual Studio Version 17
VisualStudioVersion = 17.4.33103.184
MinimumVisualStudioVersion = 10.0.40219.1
Project("{FAE04EC0-301F-11D3-BF4B-00C04F79EFBC}") = "ReversiRestApiTwee", "ReversiRestApiTwee\ReversiRestApiTwee.csproj", "{C98A73E3-8081-44C2-86AF-00505E002FB3}"
EndProject
Project("{FAE04EC0-301F-11D3-BF4B-00C04F79EFBC}") = "ReversiRestApiTweeTest", "ReversiRestApiTweeTest\ReversiRestApiTweeTest.csproj", "{58194333-B6CF-43F8-A07D-9CC9CC52AC77}"
EndProject
Global
	GlobalSection(SolutionConfigurationPlatforms) = preSolution
		Debug|Any CPU = Debug|Any CPU
		Release|Any CPU = Release|Any CPU
	EndGlobalSection
	GlobalSection(ProjectConfigurationPlatforms) = postSolution
		{C98A73E3-8081-44C2-86AF-00505E002FB3}.Debug|Any CPU.ActiveCfg = Debug|Any CPU
		{C98A73E3-8081-44C2-86AF-00505E002FB3}.Debug|Any CPU.Build.0 = Debug|Any CPU
		{C98A73E3-8081-44C2-86AF-00505E002FB3}.Release|Any CPU.ActiveCfg = Release|Any CPU
		{C98A73E3-8081-44C2-86AF-00505E002FB3}.Release|Any CPU.Build.0 = Release|Any CPU
		{58194333-B6CF-43F8-A07D-9CC9CC52AC77}.Debug|Any CPU.ActiveCfg = Debug|Any CPU
		{58194333-B6CF-43F8-A07D-9CC9CC52AC77}.Debug|Any CPU.Build.0 = Debug|Any CPU
		{58194333-B6CF-43F8-A07D-9CC9CC52AC77}.Release|Any CPU.ActiveCfg = Release|Any CPU
		{58194333-B6CF-43F8-A07D-9CC9CC52AC77}.Release|Any CPU.Build.0 = Release|Any CPU
	EndGlobalSection
	GlobalSection(SolutionProperties) = preSolution
		HideSolutionNode = FALSE
	EndGlobalSection
	GlobalSection(ExtensibilityGlobals) = postSolution
		SolutionGuid = {9DE3BA45-C6C8-45D0-B845-17974AD0C303}
	EndGlobalSection
EndGlobal
